// !$*UTF8*$!
{
	archiveVersion = 1;
	classes = {
	};
	objectVersion = 50;
	objects = {

/* Begin PBXBuildFile section */
		DD5C74582524A4DF00D8468D /* AppDelegate.swift in Sources */ = {isa = PBXBuildFile; fileRef = DD5C74572524A4DF00D8468D /* AppDelegate.swift */; };
		DD5C745A2524A4DF00D8468D /* SceneDelegate.swift in Sources */ = {isa = PBXBuildFile; fileRef = DD5C74592524A4DF00D8468D /* SceneDelegate.swift */; };
		DD5C745F2524A4DF00D8468D /* Main.storyboard in Resources */ = {isa = PBXBuildFile; fileRef = DD5C745D2524A4DF00D8468D /* Main.storyboard */; };
		DD5C74612524A4E000D8468D /* Assets.xcassets in Resources */ = {isa = PBXBuildFile; fileRef = DD5C74602524A4E000D8468D /* Assets.xcassets */; };
		DD5C74642524A4E000D8468D /* LaunchScreen.storyboard in Resources */ = {isa = PBXBuildFile; fileRef = DD5C74622524A4E000D8468D /* LaunchScreen.storyboard */; };
		DD5C746F2524A4E100D8468D /* MyWorkoutTestProjectTests.swift in Sources */ = {isa = PBXBuildFile; fileRef = DD5C746E2524A4E100D8468D /* MyWorkoutTestProjectTests.swift */; };
		DD5C747A2524A4E100D8468D /* MyWorkoutTestProjectUITests.swift in Sources */ = {isa = PBXBuildFile; fileRef = DD5C74792524A4E100D8468D /* MyWorkoutTestProjectUITests.swift */; };
		DD5C749D2524A9B400D8468D /* WelcomeViewController.swift in Sources */ = {isa = PBXBuildFile; fileRef = DD5C749C2524A9B400D8468D /* WelcomeViewController.swift */; };
		DD5C74A52524A9D400D8468D /* WelcomeViewModel.swift in Sources */ = {isa = PBXBuildFile; fileRef = DD5C74A42524A9D400D8468D /* WelcomeViewModel.swift */; };
		DD5C74AE2524A9E300D8468D /* WelcomeView.swift in Sources */ = {isa = PBXBuildFile; fileRef = DD5C74AD2524A9E300D8468D /* WelcomeView.swift */; };
		DD5C74B72524A9EF00D8468D /* WelcomeView.xib in Resources */ = {isa = PBXBuildFile; fileRef = DD5C74B62524A9EF00D8468D /* WelcomeView.xib */; };
/* End PBXBuildFile section */

/* Begin PBXContainerItemProxy section */
		DD5C746B2524A4E100D8468D /* PBXContainerItemProxy */ = {
			isa = PBXContainerItemProxy;
			containerPortal = DD5C744C2524A4DF00D8468D /* Project object */;
			proxyType = 1;
			remoteGlobalIDString = DD5C74532524A4DF00D8468D;
			remoteInfo = MyWorkoutTestProject;
		};
		DD5C74762524A4E100D8468D /* PBXContainerItemProxy */ = {
			isa = PBXContainerItemProxy;
			containerPortal = DD5C744C2524A4DF00D8468D /* Project object */;
			proxyType = 1;
			remoteGlobalIDString = DD5C74532524A4DF00D8468D;
			remoteInfo = MyWorkoutTestProject;
		};
/* End PBXContainerItemProxy section */

/* Begin PBXFileReference section */
		DD5C74542524A4DF00D8468D /* MyWorkoutTestProject.app */ = {isa = PBXFileReference; explicitFileType = wrapper.application; includeInIndex = 0; path = MyWorkoutTestProject.app; sourceTree = BUILT_PRODUCTS_DIR; };
		DD5C74572524A4DF00D8468D /* AppDelegate.swift */ = {isa = PBXFileReference; lastKnownFileType = sourcecode.swift; path = AppDelegate.swift; sourceTree = "<group>"; };
		DD5C74592524A4DF00D8468D /* SceneDelegate.swift */ = {isa = PBXFileReference; lastKnownFileType = sourcecode.swift; path = SceneDelegate.swift; sourceTree = "<group>"; };
		DD5C745E2524A4DF00D8468D /* Base */ = {isa = PBXFileReference; lastKnownFileType = file.storyboard; name = Base; path = Base.lproj/Main.storyboard; sourceTree = "<group>"; };
		DD5C74602524A4E000D8468D /* Assets.xcassets */ = {isa = PBXFileReference; lastKnownFileType = folder.assetcatalog; path = Assets.xcassets; sourceTree = "<group>"; };
		DD5C74632524A4E000D8468D /* Base */ = {isa = PBXFileReference; lastKnownFileType = file.storyboard; name = Base; path = Base.lproj/LaunchScreen.storyboard; sourceTree = "<group>"; };
		DD5C74652524A4E000D8468D /* Info.plist */ = {isa = PBXFileReference; lastKnownFileType = text.plist.xml; path = Info.plist; sourceTree = "<group>"; };
		DD5C746A2524A4E100D8468D /* MyWorkoutTestProjectTests.xctest */ = {isa = PBXFileReference; explicitFileType = wrapper.cfbundle; includeInIndex = 0; path = MyWorkoutTestProjectTests.xctest; sourceTree = BUILT_PRODUCTS_DIR; };
		DD5C746E2524A4E100D8468D /* MyWorkoutTestProjectTests.swift */ = {isa = PBXFileReference; lastKnownFileType = sourcecode.swift; path = MyWorkoutTestProjectTests.swift; sourceTree = "<group>"; };
		DD5C74702524A4E100D8468D /* Info.plist */ = {isa = PBXFileReference; lastKnownFileType = text.plist.xml; path = Info.plist; sourceTree = "<group>"; };
		DD5C74752524A4E100D8468D /* MyWorkoutTestProjectUITests.xctest */ = {isa = PBXFileReference; explicitFileType = wrapper.cfbundle; includeInIndex = 0; path = MyWorkoutTestProjectUITests.xctest; sourceTree = BUILT_PRODUCTS_DIR; };
		DD5C74792524A4E100D8468D /* MyWorkoutTestProjectUITests.swift */ = {isa = PBXFileReference; lastKnownFileType = sourcecode.swift; path = MyWorkoutTestProjectUITests.swift; sourceTree = "<group>"; };
		DD5C747B2524A4E100D8468D /* Info.plist */ = {isa = PBXFileReference; lastKnownFileType = text.plist.xml; path = Info.plist; sourceTree = "<group>"; };
		DD5C749C2524A9B400D8468D /* WelcomeViewController.swift */ = {isa = PBXFileReference; lastKnownFileType = sourcecode.swift; path = WelcomeViewController.swift; sourceTree = "<group>"; };
		DD5C74A42524A9D400D8468D /* WelcomeViewModel.swift */ = {isa = PBXFileReference; lastKnownFileType = sourcecode.swift; path = WelcomeViewModel.swift; sourceTree = "<group>"; };
		DD5C74AD2524A9E300D8468D /* WelcomeView.swift */ = {isa = PBXFileReference; lastKnownFileType = sourcecode.swift; path = WelcomeView.swift; sourceTree = "<group>"; };
		DD5C74B62524A9EF00D8468D /* WelcomeView.xib */ = {isa = PBXFileReference; lastKnownFileType = file.xib; path = WelcomeView.xib; sourceTree = "<group>"; };
/* End PBXFileReference section */

/* Begin PBXFrameworksBuildPhase section */
		DD5C74512524A4DF00D8468D /* Frameworks */ = {
			isa = PBXFrameworksBuildPhase;
			buildActionMask = 2147483647;
			files = (
			);
			runOnlyForDeploymentPostprocessing = 0;
		};
		DD5C74672524A4E100D8468D /* Frameworks */ = {
			isa = PBXFrameworksBuildPhase;
			buildActionMask = 2147483647;
			files = (
			);
			runOnlyForDeploymentPostprocessing = 0;
		};
		DD5C74722524A4E100D8468D /* Frameworks */ = {
			isa = PBXFrameworksBuildPhase;
			buildActionMask = 2147483647;
			files = (
			);
			runOnlyForDeploymentPostprocessing = 0;
		};
/* End PBXFrameworksBuildPhase section */

/* Begin PBXGroup section */
		DD5C744B2524A4DF00D8468D = {
			isa = PBXGroup;
			children = (
				DD5C74562524A4DF00D8468D /* MyWorkoutTestProject */,
				DD5C746D2524A4E100D8468D /* MyWorkoutTestProjectTests */,
				DD5C74782524A4E100D8468D /* MyWorkoutTestProjectUITests */,
				DD5C74552524A4DF00D8468D /* Products */,
			);
			sourceTree = "<group>";
		};
		DD5C74552524A4DF00D8468D /* Products */ = {
			isa = PBXGroup;
			children = (
				DD5C74542524A4DF00D8468D /* MyWorkoutTestProject.app */,
				DD5C746A2524A4E100D8468D /* MyWorkoutTestProjectTests.xctest */,
				DD5C74752524A4E100D8468D /* MyWorkoutTestProjectUITests.xctest */,
			);
			name = Products;
			sourceTree = "<group>";
		};
		DD5C74562524A4DF00D8468D /* MyWorkoutTestProject */ = {
			isa = PBXGroup;
			children = (
				DD5C74572524A4DF00D8468D /* AppDelegate.swift */,
				DD5C74592524A4DF00D8468D /* SceneDelegate.swift */,
				DD5C748A2524A98E00D8468D /* Components */,
				DD5C745D2524A4DF00D8468D /* Main.storyboard */,
				DD5C74602524A4E000D8468D /* Assets.xcassets */,
				DD5C74622524A4E000D8468D /* LaunchScreen.storyboard */,
				DD5C74652524A4E000D8468D /* Info.plist */,
			);
			path = MyWorkoutTestProject;
			sourceTree = "<group>";
		};
		DD5C746D2524A4E100D8468D /* MyWorkoutTestProjectTests */ = {
			isa = PBXGroup;
			children = (
				DD5C746E2524A4E100D8468D /* MyWorkoutTestProjectTests.swift */,
				DD5C74702524A4E100D8468D /* Info.plist */,
			);
			path = MyWorkoutTestProjectTests;
			sourceTree = "<group>";
		};
		DD5C74782524A4E100D8468D /* MyWorkoutTestProjectUITests */ = {
			isa = PBXGroup;
			children = (
				DD5C74792524A4E100D8468D /* MyWorkoutTestProjectUITests.swift */,
				DD5C747B2524A4E100D8468D /* Info.plist */,
			);
			path = MyWorkoutTestProjectUITests;
			sourceTree = "<group>";
		};
		DD5C748A2524A98E00D8468D /* Components */ = {
			isa = PBXGroup;
			children = (
				DD5C748E2524A99300D8468D /* Welcome */,
			);
			path = Components;
			sourceTree = "<group>";
		};
		DD5C748E2524A99300D8468D /* Welcome */ = {
			isa = PBXGroup;
			children = (
				DD5C74922524A99F00D8468D /* ViewController */,
				DD5C74A92524A9D700D8468D /* ViewModel */,
				DD5C74B22524A9E600D8468D /* View */,
			);
			path = Welcome;
			sourceTree = "<group>";
		};
		DD5C74922524A99F00D8468D /* ViewController */ = {
			isa = PBXGroup;
			children = (
				DD5C749C2524A9B400D8468D /* WelcomeViewController.swift */,
			);
			path = ViewController;
			sourceTree = "<group>";
		};
		DD5C74A92524A9D700D8468D /* ViewModel */ = {
			isa = PBXGroup;
			children = (
				DD5C74A42524A9D400D8468D /* WelcomeViewModel.swift */,
			);
			path = ViewModel;
			sourceTree = "<group>";
		};
		DD5C74B22524A9E600D8468D /* View */ = {
			isa = PBXGroup;
			children = (
				DD5C74AD2524A9E300D8468D /* WelcomeView.swift */,
				DD5C74B62524A9EF00D8468D /* WelcomeView.xib */,
			);
			path = View;
			sourceTree = "<group>";
		};
/* End PBXGroup section */

/* Begin PBXNativeTarget section */
		DD5C74532524A4DF00D8468D /* MyWorkoutTestProject */ = {
			isa = PBXNativeTarget;
			buildConfigurationList = DD5C747E2524A4E100D8468D /* Build configuration list for PBXNativeTarget "MyWorkoutTestProject" */;
			buildPhases = (
				DD5C74502524A4DF00D8468D /* Sources */,
				DD5C74512524A4DF00D8468D /* Frameworks */,
				DD5C74522524A4DF00D8468D /* Resources */,
			);
			buildRules = (
			);
			dependencies = (
			);
			name = MyWorkoutTestProject;
			productName = MyWorkoutTestProject;
			productReference = DD5C74542524A4DF00D8468D /* MyWorkoutTestProject.app */;
			productType = "com.apple.product-type.application";
		};
		DD5C74692524A4E100D8468D /* MyWorkoutTestProjectTests */ = {
			isa = PBXNativeTarget;
			buildConfigurationList = DD5C74812524A4E100D8468D /* Build configuration list for PBXNativeTarget "MyWorkoutTestProjectTests" */;
			buildPhases = (
				DD5C74662524A4E100D8468D /* Sources */,
				DD5C74672524A4E100D8468D /* Frameworks */,
				DD5C74682524A4E100D8468D /* Resources */,
			);
			buildRules = (
			);
			dependencies = (
				DD5C746C2524A4E100D8468D /* PBXTargetDependency */,
			);
			name = MyWorkoutTestProjectTests;
			productName = MyWorkoutTestProjectTests;
			productReference = DD5C746A2524A4E100D8468D /* MyWorkoutTestProjectTests.xctest */;
			productType = "com.apple.product-type.bundle.unit-test";
		};
		DD5C74742524A4E100D8468D /* MyWorkoutTestProjectUITests */ = {
			isa = PBXNativeTarget;
			buildConfigurationList = DD5C74842524A4E100D8468D /* Build configuration list for PBXNativeTarget "MyWorkoutTestProjectUITests" */;
			buildPhases = (
				DD5C74712524A4E100D8468D /* Sources */,
				DD5C74722524A4E100D8468D /* Frameworks */,
				DD5C74732524A4E100D8468D /* Resources */,
			);
			buildRules = (
			);
			dependencies = (
				DD5C74772524A4E100D8468D /* PBXTargetDependency */,
			);
			name = MyWorkoutTestProjectUITests;
			productName = MyWorkoutTestProjectUITests;
			productReference = DD5C74752524A4E100D8468D /* MyWorkoutTestProjectUITests.xctest */;
			productType = "com.apple.product-type.bundle.ui-testing";
		};
/* End PBXNativeTarget section */

/* Begin PBXProject section */
		DD5C744C2524A4DF00D8468D /* Project object */ = {
			isa = PBXProject;
			attributes = {
				LastSwiftUpdateCheck = 1200;
				LastUpgradeCheck = 1200;
				TargetAttributes = {
					DD5C74532524A4DF00D8468D = {
						CreatedOnToolsVersion = 12.0.1;
					};
					DD5C74692524A4E100D8468D = {
						CreatedOnToolsVersion = 12.0.1;
						TestTargetID = DD5C74532524A4DF00D8468D;
					};
					DD5C74742524A4E100D8468D = {
						CreatedOnToolsVersion = 12.0.1;
						TestTargetID = DD5C74532524A4DF00D8468D;
					};
				};
			};
			buildConfigurationList = DD5C744F2524A4DF00D8468D /* Build configuration list for PBXProject "MyWorkoutTestProject" */;
			compatibilityVersion = "Xcode 9.3";
			developmentRegion = en;
			hasScannedForEncodings = 0;
			knownRegions = (
				en,
				Base,
			);
			mainGroup = DD5C744B2524A4DF00D8468D;
			productRefGroup = DD5C74552524A4DF00D8468D /* Products */;
			projectDirPath = "";
			projectRoot = "";
			targets = (
				DD5C74532524A4DF00D8468D /* MyWorkoutTestProject */,
				DD5C74692524A4E100D8468D /* MyWorkoutTestProjectTests */,
				DD5C74742524A4E100D8468D /* MyWorkoutTestProjectUITests */,
			);
		};
/* End PBXProject section */

/* Begin PBXResourcesBuildPhase section */
		DD5C74522524A4DF00D8468D /* Resources */ = {
			isa = PBXResourcesBuildPhase;
			buildActionMask = 2147483647;
			files = (
				DD5C74642524A4E000D8468D /* LaunchScreen.storyboard in Resources */,
				DD5C74612524A4E000D8468D /* Assets.xcassets in Resources */,
				DD5C745F2524A4DF00D8468D /* Main.storyboard in Resources */,
				DD5C74B72524A9EF00D8468D /* WelcomeView.xib in Resources */,
			);
			runOnlyForDeploymentPostprocessing = 0;
		};
		DD5C74682524A4E100D8468D /* Resources */ = {
			isa = PBXResourcesBuildPhase;
			buildActionMask = 2147483647;
			files = (
			);
			runOnlyForDeploymentPostprocessing = 0;
		};
		DD5C74732524A4E100D8468D /* Resources */ = {
			isa = PBXResourcesBuildPhase;
			buildActionMask = 2147483647;
			files = (
			);
			runOnlyForDeploymentPostprocessing = 0;
		};
/* End PBXResourcesBuildPhase section */

/* Begin PBXSourcesBuildPhase section */
		DD5C74502524A4DF00D8468D /* Sources */ = {
			isa = PBXSourcesBuildPhase;
			buildActionMask = 2147483647;
			files = (
				DD5C74AE2524A9E300D8468D /* WelcomeView.swift in Sources */,
				DD5C749D2524A9B400D8468D /* WelcomeViewController.swift in Sources */,
				DD5C74A52524A9D400D8468D /* WelcomeViewModel.swift in Sources */,
				DD5C74582524A4DF00D8468D /* AppDelegate.swift in Sources */,
				DD5C745A2524A4DF00D8468D /* SceneDelegate.swift in Sources */,
			);
			runOnlyForDeploymentPostprocessing = 0;
		};
		DD5C74662524A4E100D8468D /* Sources */ = {
			isa = PBXSourcesBuildPhase;
			buildActionMask = 2147483647;
			files = (
				DD5C746F2524A4E100D8468D /* MyWorkoutTestProjectTests.swift in Sources */,
			);
			runOnlyForDeploymentPostprocessing = 0;
		};
		DD5C74712524A4E100D8468D /* Sources */ = {
			isa = PBXSourcesBuildPhase;
			buildActionMask = 2147483647;
			files = (
				DD5C747A2524A4E100D8468D /* MyWorkoutTestProjectUITests.swift in Sources */,
			);
			runOnlyForDeploymentPostprocessing = 0;
		};
/* End PBXSourcesBuildPhase section */

/* Begin PBXTargetDependency section */
		DD5C746C2524A4E100D8468D /* PBXTargetDependency */ = {
			isa = PBXTargetDependency;
			target = DD5C74532524A4DF00D8468D /* MyWorkoutTestProject */;
			targetProxy = DD5C746B2524A4E100D8468D /* PBXContainerItemProxy */;
		};
		DD5C74772524A4E100D8468D /* PBXTargetDependency */ = {
			isa = PBXTargetDependency;
			target = DD5C74532524A4DF00D8468D /* MyWorkoutTestProject */;
			targetProxy = DD5C74762524A4E100D8468D /* PBXContainerItemProxy */;
		};
/* End PBXTargetDependency section */

/* Begin PBXVariantGroup section */
		DD5C745D2524A4DF00D8468D /* Main.storyboard */ = {
			isa = PBXVariantGroup;
			children = (
				DD5C745E2524A4DF00D8468D /* Base */,
			);
			name = Main.storyboard;
			sourceTree = "<group>";
		};
		DD5C74622524A4E000D8468D /* LaunchScreen.storyboard */ = {
			isa = PBXVariantGroup;
			children = (
				DD5C74632524A4E000D8468D /* Base */,
			);
			name = LaunchScreen.storyboard;
			sourceTree = "<group>";
		};
/* End PBXVariantGroup section */

/* Begin XCBuildConfiguration section */
		DD5C747C2524A4E100D8468D /* Debug */ = {
			isa = XCBuildConfiguration;
			buildSettings = {
				ALWAYS_SEARCH_USER_PATHS = NO;
				CLANG_ANALYZER_NONNULL = YES;
				CLANG_ANALYZER_NUMBER_OBJECT_CONVERSION = YES_AGGRESSIVE;
				CLANG_CXX_LANGUAGE_STANDARD = "gnu++14";
				CLANG_CXX_LIBRARY = "libc++";
				CLANG_ENABLE_MODULES = YES;
				CLANG_ENABLE_OBJC_ARC = YES;
				CLANG_ENABLE_OBJC_WEAK = YES;
				CLANG_WARN_BLOCK_CAPTURE_AUTORELEASING = YES;
				CLANG_WARN_BOOL_CONVERSION = YES;
				CLANG_WARN_COMMA = YES;
				CLANG_WARN_CONSTANT_CONVERSION = YES;
				CLANG_WARN_DEPRECATED_OBJC_IMPLEMENTATIONS = YES;
				CLANG_WARN_DIRECT_OBJC_ISA_USAGE = YES_ERROR;
				CLANG_WARN_DOCUMENTATION_COMMENTS = YES;
				CLANG_WARN_EMPTY_BODY = YES;
				CLANG_WARN_ENUM_CONVERSION = YES;
				CLANG_WARN_INFINITE_RECURSION = YES;
				CLANG_WARN_INT_CONVERSION = YES;
				CLANG_WARN_NON_LITERAL_NULL_CONVERSION = YES;
				CLANG_WARN_OBJC_IMPLICIT_RETAIN_SELF = YES;
				CLANG_WARN_OBJC_LITERAL_CONVERSION = YES;
				CLANG_WARN_OBJC_ROOT_CLASS = YES_ERROR;
				CLANG_WARN_QUOTED_INCLUDE_IN_FRAMEWORK_HEADER = YES;
				CLANG_WARN_RANGE_LOOP_ANALYSIS = YES;
				CLANG_WARN_STRICT_PROTOTYPES = YES;
				CLANG_WARN_SUSPICIOUS_MOVE = YES;
				CLANG_WARN_UNGUARDED_AVAILABILITY = YES_AGGRESSIVE;
				CLANG_WARN_UNREACHABLE_CODE = YES;
				CLANG_WARN__DUPLICATE_METHOD_MATCH = YES;
				COPY_PHASE_STRIP = NO;
				DEBUG_INFORMATION_FORMAT = dwarf;
				ENABLE_STRICT_OBJC_MSGSEND = YES;
				ENABLE_TESTABILITY = YES;
				GCC_C_LANGUAGE_STANDARD = gnu11;
				GCC_DYNAMIC_NO_PIC = NO;
				GCC_NO_COMMON_BLOCKS = YES;
				GCC_OPTIMIZATION_LEVEL = 0;
				GCC_PREPROCESSOR_DEFINITIONS = (
					"DEBUG=1",
					"$(inherited)",
				);
				GCC_WARN_64_TO_32_BIT_CONVERSION = YES;
				GCC_WARN_ABOUT_RETURN_TYPE = YES_ERROR;
				GCC_WARN_UNDECLARED_SELECTOR = YES;
				GCC_WARN_UNINITIALIZED_AUTOS = YES_AGGRESSIVE;
				GCC_WARN_UNUSED_FUNCTION = YES;
				GCC_WARN_UNUSED_VARIABLE = YES;
				IPHONEOS_DEPLOYMENT_TARGET = 14.0;
				MTL_ENABLE_DEBUG_INFO = INCLUDE_SOURCE;
				MTL_FAST_MATH = YES;
				ONLY_ACTIVE_ARCH = YES;
				SDKROOT = iphoneos;
				SWIFT_ACTIVE_COMPILATION_CONDITIONS = DEBUG;
				SWIFT_OPTIMIZATION_LEVEL = "-Onone";
			};
			name = Debug;
		};
		DD5C747D2524A4E100D8468D /* Release */ = {
			isa = XCBuildConfiguration;
			buildSettings = {
				ALWAYS_SEARCH_USER_PATHS = NO;
				CLANG_ANALYZER_NONNULL = YES;
				CLANG_ANALYZER_NUMBER_OBJECT_CONVERSION = YES_AGGRESSIVE;
				CLANG_CXX_LANGUAGE_STANDARD = "gnu++14";
				CLANG_CXX_LIBRARY = "libc++";
				CLANG_ENABLE_MODULES = YES;
				CLANG_ENABLE_OBJC_ARC = YES;
				CLANG_ENABLE_OBJC_WEAK = YES;
				CLANG_WARN_BLOCK_CAPTURE_AUTORELEASING = YES;
				CLANG_WARN_BOOL_CONVERSION = YES;
				CLANG_WARN_COMMA = YES;
				CLANG_WARN_CONSTANT_CONVERSION = YES;
				CLANG_WARN_DEPRECATED_OBJC_IMPLEMENTATIONS = YES;
				CLANG_WARN_DIRECT_OBJC_ISA_USAGE = YES_ERROR;
				CLANG_WARN_DOCUMENTATION_COMMENTS = YES;
				CLANG_WARN_EMPTY_BODY = YES;
				CLANG_WARN_ENUM_CONVERSION = YES;
				CLANG_WARN_INFINITE_RECURSION = YES;
				CLANG_WARN_INT_CONVERSION = YES;
				CLANG_WARN_NON_LITERAL_NULL_CONVERSION = YES;
				CLANG_WARN_OBJC_IMPLICIT_RETAIN_SELF = YES;
				CLANG_WARN_OBJC_LITERAL_CONVERSION = YES;
				CLANG_WARN_OBJC_ROOT_CLASS = YES_ERROR;
				CLANG_WARN_QUOTED_INCLUDE_IN_FRAMEWORK_HEADER = YES;
				CLANG_WARN_RANGE_LOOP_ANALYSIS = YES;
				CLANG_WARN_STRICT_PROTOTYPES = YES;
				CLANG_WARN_SUSPICIOUS_MOVE = YES;
				CLANG_WARN_UNGUARDED_AVAILABILITY = YES_AGGRESSIVE;
				CLANG_WARN_UNREACHABLE_CODE = YES;
				CLANG_WARN__DUPLICATE_METHOD_MATCH = YES;
				COPY_PHASE_STRIP = NO;
				DEBUG_INFORMATION_FORMAT = "dwarf-with-dsym";
				ENABLE_NS_ASSERTIONS = NO;
				ENABLE_STRICT_OBJC_MSGSEND = YES;
				GCC_C_LANGUAGE_STANDARD = gnu11;
				GCC_NO_COMMON_BLOCKS = YES;
				GCC_WARN_64_TO_32_BIT_CONVERSION = YES;
				GCC_WARN_ABOUT_RETURN_TYPE = YES_ERROR;
				GCC_WARN_UNDECLARED_SELECTOR = YES;
				GCC_WARN_UNINITIALIZED_AUTOS = YES_AGGRESSIVE;
				GCC_WARN_UNUSED_FUNCTION = YES;
				GCC_WARN_UNUSED_VARIABLE = YES;
				IPHONEOS_DEPLOYMENT_TARGET = 14.0;
				MTL_ENABLE_DEBUG_INFO = NO;
				MTL_FAST_MATH = YES;
				SDKROOT = iphoneos;
				SWIFT_COMPILATION_MODE = wholemodule;
				SWIFT_OPTIMIZATION_LEVEL = "-O";
				VALIDATE_PRODUCT = YES;
			};
			name = Release;
		};
		DD5C747F2524A4E100D8468D /* Debug */ = {
			isa = XCBuildConfiguration;
			buildSettings = {
				ASSETCATALOG_COMPILER_APPICON_NAME = AppIcon;
				ASSETCATALOG_COMPILER_GLOBAL_ACCENT_COLOR_NAME = AccentColor;
				CODE_SIGN_STYLE = Automatic;
				DEVELOPMENT_TEAM = 5CJ6MXRTNA;
				INFOPLIST_FILE = MyWorkoutTestProject/Info.plist;
				LD_RUNPATH_SEARCH_PATHS = (
					"$(inherited)",
					"@executable_path/Frameworks",
				);
				PRODUCT_BUNDLE_IDENTIFIER = com.trevinwisaksana.MyWorkoutTestProject;
				PRODUCT_NAME = "$(TARGET_NAME)";
				SWIFT_VERSION = 5.0;
				TARGETED_DEVICE_FAMILY = 1;
			};
			name = Debug;
		};
		DD5C74802524A4E100D8468D /* Release */ = {
			isa = XCBuildConfiguration;
			buildSettings = {
				ASSETCATALOG_COMPILER_APPICON_NAME = AppIcon;
				ASSETCATALOG_COMPILER_GLOBAL_ACCENT_COLOR_NAME = AccentColor;
				CODE_SIGN_STYLE = Automatic;
				DEVELOPMENT_TEAM = 5CJ6MXRTNA;
				INFOPLIST_FILE = MyWorkoutTestProject/Info.plist;
				LD_RUNPATH_SEARCH_PATHS = (
					"$(inherited)",
					"@executable_path/Frameworks",
				);
				PRODUCT_BUNDLE_IDENTIFIER = com.trevinwisaksana.MyWorkoutTestProject;
				PRODUCT_NAME = "$(TARGET_NAME)";
				SWIFT_VERSION = 5.0;
				TARGETED_DEVICE_FAMILY = 1;
			};
			name = Release;
		};
		DD5C74822524A4E100D8468D /* Debug */ = {
			isa = XCBuildConfiguration;
			buildSettings = {
				ALWAYS_EMBED_SWIFT_STANDARD_LIBRARIES = YES;
				BUNDLE_LOADER = "$(TEST_HOST)";
				CODE_SIGN_STYLE = Automatic;
				DEVELOPMENT_TEAM = 5CJ6MXRTNA;
				INFOPLIST_FILE = MyWorkoutTestProjectTests/Info.plist;
				IPHONEOS_DEPLOYMENT_TARGET = 14.0;
				LD_RUNPATH_SEARCH_PATHS = (
					"$(inherited)",
					"@executable_path/Frameworks",
					"@loader_path/Frameworks",
				);
				PRODUCT_BUNDLE_IDENTIFIER = com.trevinwisaksana.MyWorkoutTestProjectTests;
				PRODUCT_NAME = "$(TARGET_NAME)";
				SWIFT_VERSION = 5.0;
				TARGETED_DEVICE_FAMILY = "1,2";
				TEST_HOST = "$(BUILT_PRODUCTS_DIR)/MyWorkoutTestProject.app/MyWorkoutTestProject";
			};
			name = Debug;
		};
		DD5C74832524A4E100D8468D /* Release */ = {
			isa = XCBuildConfiguration;
			buildSettings = {
				ALWAYS_EMBED_SWIFT_STANDARD_LIBRARIES = YES;
				BUNDLE_LOADER = "$(TEST_HOST)";
				CODE_SIGN_STYLE = Automatic;
				DEVELOPMENT_TEAM = 5CJ6MXRTNA;
				INFOPLIST_FILE = MyWorkoutTestProjectTests/Info.plist;
				IPHONEOS_DEPLOYMENT_TARGET = 14.0;
				LD_RUNPATH_SEARCH_PATHS = (
					"$(inherited)",
					"@executable_path/Frameworks",
					"@loader_path/Frameworks",
				);
				PRODUCT_BUNDLE_IDENTIFIER = com.trevinwisaksana.MyWorkoutTestProjectTests;
				PRODUCT_NAME = "$(TARGET_NAME)";
				SWIFT_VERSION = 5.0;
				TARGETED_DEVICE_FAMILY = "1,2";
				TEST_HOST = "$(BUILT_PRODUCTS_DIR)/MyWorkoutTestProject.app/MyWorkoutTestProject";
			};
			name = Release;
		};
		DD5C74852524A4E100D8468D /* Debug */ = {
			isa = XCBuildConfiguration;
			buildSettings = {
				ALWAYS_EMBED_SWIFT_STANDARD_LIBRARIES = YES;
				CODE_SIGN_STYLE = Automatic;
				DEVELOPMENT_TEAM = 5CJ6MXRTNA;
				INFOPLIST_FILE = MyWorkoutTestProjectUITests/Info.plist;
				LD_RUNPATH_SEARCH_PATHS = (
					"$(inherited)",
					"@executable_path/Frameworks",
					"@loader_path/Frameworks",
				);
				PRODUCT_BUNDLE_IDENTIFIER = com.trevinwisaksana.MyWorkoutTestProjectUITests;
				PRODUCT_NAME = "$(TARGET_NAME)";
				SWIFT_VERSION = 5.0;
				TARGETED_DEVICE_FAMILY = "1,2";
				TEST_TARGET_NAME = MyWorkoutTestProject;
			};
			name = Debug;
		};
		DD5C74862524A4E100D8468D /* Release */ = {
			isa = XCBuildConfiguration;
			buildSettings = {
				ALWAYS_EMBED_SWIFT_STANDARD_LIBRARIES = YES;
				CODE_SIGN_STYLE = Automatic;
				DEVELOPMENT_TEAM = 5CJ6MXRTNA;
				INFOPLIST_FILE = MyWorkoutTestProjectUITests/Info.plist;
				LD_RUNPATH_SEARCH_PATHS = (
					"$(inherited)",
					"@executable_path/Frameworks",
					"@loader_path/Frameworks",
				);
				PRODUCT_BUNDLE_IDENTIFIER = com.trevinwisaksana.MyWorkoutTestProjectUITests;
				PRODUCT_NAME = "$(TARGET_NAME)";
				SWIFT_VERSION = 5.0;
				TARGETED_DEVICE_FAMILY = "1,2";
				TEST_TARGET_NAME = MyWorkoutTestProject;
			};
			name = Release;
		};
/* End XCBuildConfiguration section */

/* Begin XCConfigurationList section */
		DD5C744F2524A4DF00D8468D /* Build configuration list for PBXProject "MyWorkoutTestProject" */ = {
			isa = XCConfigurationList;
			buildConfigurations = (
				DD5C747C2524A4E100D8468D /* Debug */,
				DD5C747D2524A4E100D8468D /* Release */,
			);
			defaultConfigurationIsVisible = 0;
			defaultConfigurationName = Release;
		};
		DD5C747E2524A4E100D8468D /* Build configuration list for PBXNativeTarget "MyWorkoutTestProject" */ = {
			isa = XCConfigurationList;
			buildConfigurations = (
				DD5C747F2524A4E100D8468D /* Debug */,
				DD5C74802524A4E100D8468D /* Release */,
			);
			defaultConfigurationIsVisible = 0;
			defaultConfigurationName = Release;
		};
		DD5C74812524A4E100D8468D /* Build configuration list for PBXNativeTarget "MyWorkoutTestProjectTests" */ = {
			isa = XCConfigurationList;
			buildConfigurations = (
				DD5C74822524A4E100D8468D /* Debug */,
				DD5C74832524A4E100D8468D /* Release */,
			);
			defaultConfigurationIsVisible = 0;
			defaultConfigurationName = Release;
		};
		DD5C74842524A4E100D8468D /* Build configuration list for PBXNativeTarget "MyWorkoutTestProjectUITests" */ = {
			isa = XCConfigurationList;
			buildConfigurations = (
				DD5C74852524A4E100D8468D /* Debug */,
				DD5C74862524A4E100D8468D /* Release */,
			);
			defaultConfigurationIsVisible = 0;
			defaultConfigurationName = Release;
		};
/* End XCConfigurationList section */
	};
	rootObject = DD5C744C2524A4DF00D8468D /* Project object */;
}
